
Microsoft Visual Studio Solution File, Format Version 12.00
# Visual Studio 2013
VisualStudioVersion = 12.0.30501.0
MinimumVisualStudioVersion = 10.0.40219.1
Project("{8BC9CEB8-8B4A-11D0-8D11-00A0C91BC942}") = "Repository", "Repository\Repository.vcxproj", "{2C03AE9A-F0C7-4A4D-81B1-4E1EDF652054}"
EndProject
Global
	GlobalSection(SolutionConfigurationPlatforms) = preSolution
		Debug|Win32 = Debug|Win32
		Release|Win32 = Release|Win32
	EndGlobalSection
	GlobalSection(ProjectConfigurationPlatforms) = postSolution
		{2C03AE9A-F0C7-4A4D-81B1-4E1EDF652054}.Debug|Win32.ActiveCfg = Debug|Win32
		{2C03AE9A-F0C7-4A4D-81B1-4E1EDF652054}.Debug|Win32.Build.0 = Debug|Win32
		{2C03AE9A-F0C7-4A4D-81B1-4E1EDF652054}.Release|Win32.ActiveCfg = Release|Win32
		{2C03AE9A-F0C7-4A4D-81B1-4E1EDF652054}.Release|Win32.Build.0 = Release|Win32
	EndGlobalSection
	GlobalSection(SolutionProperties) = preSolution
		HideSolutionNode = FALSE
	EndGlobalSection
EndGlobal
